// !$*UTF8*$!
{
	archiveVersion = 1;
	classes = {
	};
	objectVersion = 50;
	objects = {

/* Begin PBXBuildFile section */
		41D9C03A262F3C0D00D311F7 /* AppDelegate.swift in Sources */ = {isa = PBXBuildFile; fileRef = 41D9C039262F3C0D00D311F7 /* AppDelegate.swift */; };
		41D9C03C262F3C0D00D311F7 /* SceneDelegate.swift in Sources */ = {isa = PBXBuildFile; fileRef = 41D9C03B262F3C0D00D311F7 /* SceneDelegate.swift */; };
		41D9C03E262F3C0D00D311F7 /* ViewController.swift in Sources */ = {isa = PBXBuildFile; fileRef = 41D9C03D262F3C0D00D311F7 /* ViewController.swift */; };
		41D9C041262F3C0D00D311F7 /* Main.storyboard in Resources */ = {isa = PBXBuildFile; fileRef = 41D9C03F262F3C0D00D311F7 /* Main.storyboard */; };
		41D9C043262F3C1500D311F7 /* Assets.xcassets in Resources */ = {isa = PBXBuildFile; fileRef = 41D9C042262F3C1500D311F7 /* Assets.xcassets */; };
		41D9C046262F3C1500D311F7 /* LaunchScreen.storyboard in Resources */ = {isa = PBXBuildFile; fileRef = 41D9C044262F3C1500D311F7 /* LaunchScreen.storyboard */; };
		41D9C051262F3C1500D311F7 /* HeartMeTests.swift in Sources */ = {isa = PBXBuildFile; fileRef = 41D9C050262F3C1500D311F7 /* HeartMeTests.swift */; };
		41D9C05C262F3C1500D311F7 /* HeartMeUITests.swift in Sources */ = {isa = PBXBuildFile; fileRef = 41D9C05B262F3C1500D311F7 /* HeartMeUITests.swift */; };
		41D9C073262F3CDE00D311F7 /* BloodTestModels.swift in Sources */ = {isa = PBXBuildFile; fileRef = 41D9C072262F3CDE00D311F7 /* BloodTestModels.swift */; };
		41D9C078262F5B2600D311F7 /* BloodTestResultsViewModel.swift in Sources */ = {isa = PBXBuildFile; fileRef = 41D9C077262F5B2600D311F7 /* BloodTestResultsViewModel.swift */; };
		41D9C07D262F5C8500D311F7 /* BloodTestRepository.swift in Sources */ = {isa = PBXBuildFile; fileRef = 41D9C07C262F5C8500D311F7 /* BloodTestRepository.swift */; };
		41D9C082262F5EE500D311F7 /* APIService.swift in Sources */ = {isa = PBXBuildFile; fileRef = 41D9C081262F5EE500D311F7 /* APIService.swift */; };
		41D9C08A2630842500D311F7 /* BIndable.swift in Sources */ = {isa = PBXBuildFile; fileRef = 41D9C0892630842500D311F7 /* BIndable.swift */; };
		41D9C08F2630868000D311F7 /* Extensions.swift in Sources */ = {isa = PBXBuildFile; fileRef = 41D9C08E2630868000D311F7 /* Extensions.swift */; };
/* End PBXBuildFile section */

/* Begin PBXContainerItemProxy section */
		41D9C04D262F3C1500D311F7 /* PBXContainerItemProxy */ = {
			isa = PBXContainerItemProxy;
			containerPortal = 41D9C02E262F3C0D00D311F7 /* Project object */;
			proxyType = 1;
			remoteGlobalIDString = 41D9C035262F3C0D00D311F7;
			remoteInfo = HeartMe;
		};
		41D9C058262F3C1500D311F7 /* PBXContainerItemProxy */ = {
			isa = PBXContainerItemProxy;
			containerPortal = 41D9C02E262F3C0D00D311F7 /* Project object */;
			proxyType = 1;
			remoteGlobalIDString = 41D9C035262F3C0D00D311F7;
			remoteInfo = HeartMe;
		};
/* End PBXContainerItemProxy section */

/* Begin PBXFileReference section */
		41D9C036262F3C0D00D311F7 /* HeartMe.app */ = {isa = PBXFileReference; explicitFileType = wrapper.application; includeInIndex = 0; path = HeartMe.app; sourceTree = BUILT_PRODUCTS_DIR; };
		41D9C039262F3C0D00D311F7 /* AppDelegate.swift */ = {isa = PBXFileReference; lastKnownFileType = sourcecode.swift; path = AppDelegate.swift; sourceTree = "<group>"; };
		41D9C03B262F3C0D00D311F7 /* SceneDelegate.swift */ = {isa = PBXFileReference; lastKnownFileType = sourcecode.swift; path = SceneDelegate.swift; sourceTree = "<group>"; };
		41D9C03D262F3C0D00D311F7 /* ViewController.swift */ = {isa = PBXFileReference; lastKnownFileType = sourcecode.swift; path = ViewController.swift; sourceTree = "<group>"; };
		41D9C040262F3C0D00D311F7 /* Base */ = {isa = PBXFileReference; lastKnownFileType = file.storyboard; name = Base; path = Base.lproj/Main.storyboard; sourceTree = "<group>"; };
		41D9C042262F3C1500D311F7 /* Assets.xcassets */ = {isa = PBXFileReference; lastKnownFileType = folder.assetcatalog; path = Assets.xcassets; sourceTree = "<group>"; };
		41D9C045262F3C1500D311F7 /* Base */ = {isa = PBXFileReference; lastKnownFileType = file.storyboard; name = Base; path = Base.lproj/LaunchScreen.storyboard; sourceTree = "<group>"; };
		41D9C047262F3C1500D311F7 /* Info.plist */ = {isa = PBXFileReference; lastKnownFileType = text.plist.xml; path = Info.plist; sourceTree = "<group>"; };
		41D9C04C262F3C1500D311F7 /* HeartMeTests.xctest */ = {isa = PBXFileReference; explicitFileType = wrapper.cfbundle; includeInIndex = 0; path = HeartMeTests.xctest; sourceTree = BUILT_PRODUCTS_DIR; };
		41D9C050262F3C1500D311F7 /* HeartMeTests.swift */ = {isa = PBXFileReference; lastKnownFileType = sourcecode.swift; path = HeartMeTests.swift; sourceTree = "<group>"; };
		41D9C052262F3C1500D311F7 /* Info.plist */ = {isa = PBXFileReference; lastKnownFileType = text.plist.xml; path = Info.plist; sourceTree = "<group>"; };
		41D9C057262F3C1500D311F7 /* HeartMeUITests.xctest */ = {isa = PBXFileReference; explicitFileType = wrapper.cfbundle; includeInIndex = 0; path = HeartMeUITests.xctest; sourceTree = BUILT_PRODUCTS_DIR; };
		41D9C05B262F3C1500D311F7 /* HeartMeUITests.swift */ = {isa = PBXFileReference; lastKnownFileType = sourcecode.swift; path = HeartMeUITests.swift; sourceTree = "<group>"; };
		41D9C05D262F3C1500D311F7 /* Info.plist */ = {isa = PBXFileReference; lastKnownFileType = text.plist.xml; path = Info.plist; sourceTree = "<group>"; };
		41D9C072262F3CDE00D311F7 /* BloodTestModels.swift */ = {isa = PBXFileReference; lastKnownFileType = sourcecode.swift; path = BloodTestModels.swift; sourceTree = "<group>"; };
		41D9C077262F5B2600D311F7 /* BloodTestResultsViewModel.swift */ = {isa = PBXFileReference; lastKnownFileType = sourcecode.swift; path = BloodTestResultsViewModel.swift; sourceTree = "<group>"; };
		41D9C07C262F5C8500D311F7 /* BloodTestRepository.swift */ = {isa = PBXFileReference; lastKnownFileType = sourcecode.swift; path = BloodTestRepository.swift; sourceTree = "<group>"; };
		41D9C081262F5EE500D311F7 /* APIService.swift */ = {isa = PBXFileReference; lastKnownFileType = sourcecode.swift; path = APIService.swift; sourceTree = "<group>"; };
		41D9C0892630842500D311F7 /* BIndable.swift */ = {isa = PBXFileReference; lastKnownFileType = sourcecode.swift; path = BIndable.swift; sourceTree = "<group>"; };
		41D9C08E2630868000D311F7 /* Extensions.swift */ = {isa = PBXFileReference; lastKnownFileType = sourcecode.swift; path = Extensions.swift; sourceTree = "<group>"; };
/* End PBXFileReference section */

/* Begin PBXFrameworksBuildPhase section */
		41D9C033262F3C0D00D311F7 /* Frameworks */ = {
			isa = PBXFrameworksBuildPhase;
			buildActionMask = 2147483647;
			files = (
			);
			runOnlyForDeploymentPostprocessing = 0;
		};
		41D9C049262F3C1500D311F7 /* Frameworks */ = {
			isa = PBXFrameworksBuildPhase;
			buildActionMask = 2147483647;
			files = (
			);
			runOnlyForDeploymentPostprocessing = 0;
		};
		41D9C054262F3C1500D311F7 /* Frameworks */ = {
			isa = PBXFrameworksBuildPhase;
			buildActionMask = 2147483647;
			files = (
			);
			runOnlyForDeploymentPostprocessing = 0;
		};
/* End PBXFrameworksBuildPhase section */

/* Begin PBXGroup section */
		41D9C02D262F3C0D00D311F7 = {
			isa = PBXGroup;
			children = (
				41D9C038262F3C0D00D311F7 /* HeartMe */,
				41D9C04F262F3C1500D311F7 /* HeartMeTests */,
				41D9C05A262F3C1500D311F7 /* HeartMeUITests */,
				41D9C037262F3C0D00D311F7 /* Products */,
			);
			sourceTree = "<group>";
		};
		41D9C037262F3C0D00D311F7 /* Products */ = {
			isa = PBXGroup;
			children = (
				41D9C036262F3C0D00D311F7 /* HeartMe.app */,
				41D9C04C262F3C1500D311F7 /* HeartMeTests.xctest */,
				41D9C057262F3C1500D311F7 /* HeartMeUITests.xctest */,
			);
			name = Products;
			sourceTree = "<group>";
		};
		41D9C038262F3C0D00D311F7 /* HeartMe */ = {
			isa = PBXGroup;
			children = (
				41D9C071262F3C8C00D311F7 /* network */,
				41D9C070262F3C7E00D311F7 /* utils */,
				41D9C06F262F3C5700D311F7 /* repository */,
				41D9C06E262F3C4F00D311F7 /* viewmodel */,
				41D9C06D262F3C4700D311F7 /* model */,
				41D9C06C262F3C4000D311F7 /* view */,
				41D9C039262F3C0D00D311F7 /* AppDelegate.swift */,
				41D9C03B262F3C0D00D311F7 /* SceneDelegate.swift */,
				41D9C03F262F3C0D00D311F7 /* Main.storyboard */,
				41D9C042262F3C1500D311F7 /* Assets.xcassets */,
				41D9C044262F3C1500D311F7 /* LaunchScreen.storyboard */,
				41D9C047262F3C1500D311F7 /* Info.plist */,
			);
			path = HeartMe;
			sourceTree = "<group>";
		};
		41D9C04F262F3C1500D311F7 /* HeartMeTests */ = {
			isa = PBXGroup;
			children = (
				41D9C050262F3C1500D311F7 /* HeartMeTests.swift */,
				41D9C052262F3C1500D311F7 /* Info.plist */,
			);
			path = HeartMeTests;
			sourceTree = "<group>";
		};
		41D9C05A262F3C1500D311F7 /* HeartMeUITests */ = {
			isa = PBXGroup;
			children = (
				41D9C05B262F3C1500D311F7 /* HeartMeUITests.swift */,
				41D9C05D262F3C1500D311F7 /* Info.plist */,
			);
			path = HeartMeUITests;
			sourceTree = "<group>";
		};
		41D9C06C262F3C4000D311F7 /* view */ = {
			isa = PBXGroup;
			children = (
				41D9C03D262F3C0D00D311F7 /* ViewController.swift */,
			);
			path = view;
			sourceTree = "<group>";
		};
		41D9C06D262F3C4700D311F7 /* model */ = {
			isa = PBXGroup;
			children = (
				41D9C072262F3CDE00D311F7 /* BloodTestModels.swift */,
			);
			path = model;
			sourceTree = "<group>";
		};
		41D9C06E262F3C4F00D311F7 /* viewmodel */ = {
			isa = PBXGroup;
			children = (
				41D9C077262F5B2600D311F7 /* BloodTestResultsViewModel.swift */,
			);
			path = viewmodel;
			sourceTree = "<group>";
		};
		41D9C06F262F3C5700D311F7 /* repository */ = {
			isa = PBXGroup;
			children = (
				41D9C07C262F5C8500D311F7 /* BloodTestRepository.swift */,
			);
			path = repository;
			sourceTree = "<group>";
		};
		41D9C070262F3C7E00D311F7 /* utils */ = {
			isa = PBXGroup;
			children = (
				41D9C0892630842500D311F7 /* BIndable.swift */,
				41D9C08E2630868000D311F7 /* Extensions.swift */,
			);
			path = utils;
			sourceTree = "<group>";
		};
		41D9C071262F3C8C00D311F7 /* network */ = {
			isa = PBXGroup;
			children = (
				41D9C081262F5EE500D311F7 /* APIService.swift */,
			);
			path = network;
			sourceTree = "<group>";
		};
/* End PBXGroup section */

/* Begin PBXNativeTarget section */
		41D9C035262F3C0D00D311F7 /* HeartMe */ = {
			isa = PBXNativeTarget;
			buildConfigurationList = 41D9C060262F3C1500D311F7 /* Build configuration list for PBXNativeTarget "HeartMe" */;
			buildPhases = (
				41D9C032262F3C0D00D311F7 /* Sources */,
				41D9C033262F3C0D00D311F7 /* Frameworks */,
				41D9C034262F3C0D00D311F7 /* Resources */,
			);
			buildRules = (
			);
			dependencies = (
			);
			name = HeartMe;
			productName = HeartMe;
			productReference = 41D9C036262F3C0D00D311F7 /* HeartMe.app */;
			productType = "com.apple.product-type.application";
		};
		41D9C04B262F3C1500D311F7 /* HeartMeTests */ = {
			isa = PBXNativeTarget;
			buildConfigurationList = 41D9C063262F3C1500D311F7 /* Build configuration list for PBXNativeTarget "HeartMeTests" */;
			buildPhases = (
				41D9C048262F3C1500D311F7 /* Sources */,
				41D9C049262F3C1500D311F7 /* Frameworks */,
				41D9C04A262F3C1500D311F7 /* Resources */,
			);
			buildRules = (
			);
			dependencies = (
				41D9C04E262F3C1500D311F7 /* PBXTargetDependency */,
			);
			name = HeartMeTests;
			productName = HeartMeTests;
			productReference = 41D9C04C262F3C1500D311F7 /* HeartMeTests.xctest */;
			productType = "com.apple.product-type.bundle.unit-test";
		};
		41D9C056262F3C1500D311F7 /* HeartMeUITests */ = {
			isa = PBXNativeTarget;
			buildConfigurationList = 41D9C066262F3C1500D311F7 /* Build configuration list for PBXNativeTarget "HeartMeUITests" */;
			buildPhases = (
				41D9C053262F3C1500D311F7 /* Sources */,
				41D9C054262F3C1500D311F7 /* Frameworks */,
				41D9C055262F3C1500D311F7 /* Resources */,
			);
			buildRules = (
			);
			dependencies = (
				41D9C059262F3C1500D311F7 /* PBXTargetDependency */,
			);
			name = HeartMeUITests;
			productName = HeartMeUITests;
			productReference = 41D9C057262F3C1500D311F7 /* HeartMeUITests.xctest */;
			productType = "com.apple.product-type.bundle.ui-testing";
		};
/* End PBXNativeTarget section */

/* Begin PBXProject section */
		41D9C02E262F3C0D00D311F7 /* Project object */ = {
			isa = PBXProject;
			attributes = {
				LastSwiftUpdateCheck = 1240;
				LastUpgradeCheck = 1240;
				TargetAttributes = {
					41D9C035262F3C0D00D311F7 = {
						CreatedOnToolsVersion = 12.4;
					};
					41D9C04B262F3C1500D311F7 = {
						CreatedOnToolsVersion = 12.4;
						TestTargetID = 41D9C035262F3C0D00D311F7;
					};
					41D9C056262F3C1500D311F7 = {
						CreatedOnToolsVersion = 12.4;
						TestTargetID = 41D9C035262F3C0D00D311F7;
					};
				};
			};
			buildConfigurationList = 41D9C031262F3C0D00D311F7 /* Build configuration list for PBXProject "HeartMe" */;
			compatibilityVersion = "Xcode 9.3";
			developmentRegion = en;
			hasScannedForEncodings = 0;
			knownRegions = (
				en,
				Base,
			);
			mainGroup = 41D9C02D262F3C0D00D311F7;
			productRefGroup = 41D9C037262F3C0D00D311F7 /* Products */;
			projectDirPath = "";
			projectRoot = "";
			targets = (
				41D9C035262F3C0D00D311F7 /* HeartMe */,
				41D9C04B262F3C1500D311F7 /* HeartMeTests */,
				41D9C056262F3C1500D311F7 /* HeartMeUITests */,
			);
		};
/* End PBXProject section */

/* Begin PBXResourcesBuildPhase section */
		41D9C034262F3C0D00D311F7 /* Resources */ = {
			isa = PBXResourcesBuildPhase;
			buildActionMask = 2147483647;
			files = (
				41D9C046262F3C1500D311F7 /* LaunchScreen.storyboard in Resources */,
				41D9C043262F3C1500D311F7 /* Assets.xcassets in Resources */,
				41D9C041262F3C0D00D311F7 /* Main.storyboard in Resources */,
			);
			runOnlyForDeploymentPostprocessing = 0;
		};
		41D9C04A262F3C1500D311F7 /* Resources */ = {
			isa = PBXResourcesBuildPhase;
			buildActionMask = 2147483647;
			files = (
			);
			runOnlyForDeploymentPostprocessing = 0;
		};
		41D9C055262F3C1500D311F7 /* Resources */ = {
			isa = PBXResourcesBuildPhase;
			buildActionMask = 2147483647;
			files = (
			);
			runOnlyForDeploymentPostprocessing = 0;
		};
/* End PBXResourcesBuildPhase section */

/* Begin PBXSourcesBuildPhase section */
		41D9C032262F3C0D00D311F7 /* Sources */ = {
			isa = PBXSourcesBuildPhase;
			buildActionMask = 2147483647;
			files = (
				41D9C073262F3CDE00D311F7 /* BloodTestModels.swift in Sources */,
				41D9C08F2630868000D311F7 /* Extensions.swift in Sources */,
				41D9C03E262F3C0D00D311F7 /* ViewController.swift in Sources */,
				41D9C08A2630842500D311F7 /* BIndable.swift in Sources */,
				41D9C082262F5EE500D311F7 /* APIService.swift in Sources */,
				41D9C07D262F5C8500D311F7 /* BloodTestRepository.swift in Sources */,
				41D9C03A262F3C0D00D311F7 /* AppDelegate.swift in Sources */,
				41D9C078262F5B2600D311F7 /* BloodTestResultsViewModel.swift in Sources */,
				41D9C03C262F3C0D00D311F7 /* SceneDelegate.swift in Sources */,
			);
			runOnlyForDeploymentPostprocessing = 0;
		};
		41D9C048262F3C1500D311F7 /* Sources */ = {
			isa = PBXSourcesBuildPhase;
			buildActionMask = 2147483647;
			files = (
				41D9C051262F3C1500D311F7 /* HeartMeTests.swift in Sources */,
			);
			runOnlyForDeploymentPostprocessing = 0;
		};
		41D9C053262F3C1500D311F7 /* Sources */ = {
			isa = PBXSourcesBuildPhase;
			buildActionMask = 2147483647;
			files = (
				41D9C05C262F3C1500D311F7 /* HeartMeUITests.swift in Sources */,
			);
			runOnlyForDeploymentPostprocessing = 0;
		};
/* End PBXSourcesBuildPhase section */

/* Begin PBXTargetDependency section */
		41D9C04E262F3C1500D311F7 /* PBXTargetDependency */ = {
			isa = PBXTargetDependency;
			target = 41D9C035262F3C0D00D311F7 /* HeartMe */;
			targetProxy = 41D9C04D262F3C1500D311F7 /* PBXContainerItemProxy */;
		};
		41D9C059262F3C1500D311F7 /* PBXTargetDependency */ = {
			isa = PBXTargetDependency;
			target = 41D9C035262F3C0D00D311F7 /* HeartMe */;
			targetProxy = 41D9C058262F3C1500D311F7 /* PBXContainerItemProxy */;
		};
/* End PBXTargetDependency section */

/* Begin PBXVariantGroup section */
		41D9C03F262F3C0D00D311F7 /* Main.storyboard */ = {
			isa = PBXVariantGroup;
			children = (
				41D9C040262F3C0D00D311F7 /* Base */,
			);
			name = Main.storyboard;
			sourceTree = "<group>";
		};
		41D9C044262F3C1500D311F7 /* LaunchScreen.storyboard */ = {
			isa = PBXVariantGroup;
			children = (
				41D9C045262F3C1500D311F7 /* Base */,
			);
			name = LaunchScreen.storyboard;
			sourceTree = "<group>";
		};
/* End PBXVariantGroup section */

/* Begin XCBuildConfiguration section */
		41D9C05E262F3C1500D311F7 /* Debug */ = {
			isa = XCBuildConfiguration;
			buildSettings = {
				ALWAYS_SEARCH_USER_PATHS = NO;
				CLANG_ANALYZER_NONNULL = YES;
				CLANG_ANALYZER_NUMBER_OBJECT_CONVERSION = YES_AGGRESSIVE;
				CLANG_CXX_LANGUAGE_STANDARD = "gnu++14";
				CLANG_CXX_LIBRARY = "libc++";
				CLANG_ENABLE_MODULES = YES;
				CLANG_ENABLE_OBJC_ARC = YES;
				CLANG_ENABLE_OBJC_WEAK = YES;
				CLANG_WARN_BLOCK_CAPTURE_AUTORELEASING = YES;
				CLANG_WARN_BOOL_CONVERSION = YES;
				CLANG_WARN_COMMA = YES;
				CLANG_WARN_CONSTANT_CONVERSION = YES;
				CLANG_WARN_DEPRECATED_OBJC_IMPLEMENTATIONS = YES;
				CLANG_WARN_DIRECT_OBJC_ISA_USAGE = YES_ERROR;
				CLANG_WARN_DOCUMENTATION_COMMENTS = YES;
				CLANG_WARN_EMPTY_BODY = YES;
				CLANG_WARN_ENUM_CONVERSION = YES;
				CLANG_WARN_INFINITE_RECURSION = YES;
				CLANG_WARN_INT_CONVERSION = YES;
				CLANG_WARN_NON_LITERAL_NULL_CONVERSION = YES;
				CLANG_WARN_OBJC_IMPLICIT_RETAIN_SELF = YES;
				CLANG_WARN_OBJC_LITERAL_CONVERSION = YES;
				CLANG_WARN_OBJC_ROOT_CLASS = YES_ERROR;
				CLANG_WARN_QUOTED_INCLUDE_IN_FRAMEWORK_HEADER = YES;
				CLANG_WARN_RANGE_LOOP_ANALYSIS = YES;
				CLANG_WARN_STRICT_PROTOTYPES = YES;
				CLANG_WARN_SUSPICIOUS_MOVE = YES;
				CLANG_WARN_UNGUARDED_AVAILABILITY = YES_AGGRESSIVE;
				CLANG_WARN_UNREACHABLE_CODE = YES;
				CLANG_WARN__DUPLICATE_METHOD_MATCH = YES;
				COPY_PHASE_STRIP = NO;
				DEBUG_INFORMATION_FORMAT = dwarf;
				ENABLE_STRICT_OBJC_MSGSEND = YES;
				ENABLE_TESTABILITY = YES;
				GCC_C_LANGUAGE_STANDARD = gnu11;
				GCC_DYNAMIC_NO_PIC = NO;
				GCC_NO_COMMON_BLOCKS = YES;
				GCC_OPTIMIZATION_LEVEL = 0;
				GCC_PREPROCESSOR_DEFINITIONS = (
					"DEBUG=1",
					"$(inherited)",
				);
				GCC_WARN_64_TO_32_BIT_CONVERSION = YES;
				GCC_WARN_ABOUT_RETURN_TYPE = YES_ERROR;
				GCC_WARN_UNDECLARED_SELECTOR = YES;
				GCC_WARN_UNINITIALIZED_AUTOS = YES_AGGRESSIVE;
				GCC_WARN_UNUSED_FUNCTION = YES;
				GCC_WARN_UNUSED_VARIABLE = YES;
				IPHONEOS_DEPLOYMENT_TARGET = 14.4;
				MTL_ENABLE_DEBUG_INFO = INCLUDE_SOURCE;
				MTL_FAST_MATH = YES;
				ONLY_ACTIVE_ARCH = YES;
				SDKROOT = iphoneos;
				SWIFT_ACTIVE_COMPILATION_CONDITIONS = DEBUG;
				SWIFT_OPTIMIZATION_LEVEL = "-Onone";
			};
			name = Debug;
		};
		41D9C05F262F3C1500D311F7 /* Release */ = {
			isa = XCBuildConfiguration;
			buildSettings = {
				ALWAYS_SEARCH_USER_PATHS = NO;
				CLANG_ANALYZER_NONNULL = YES;
				CLANG_ANALYZER_NUMBER_OBJECT_CONVERSION = YES_AGGRESSIVE;
				CLANG_CXX_LANGUAGE_STANDARD = "gnu++14";
				CLANG_CXX_LIBRARY = "libc++";
				CLANG_ENABLE_MODULES = YES;
				CLANG_ENABLE_OBJC_ARC = YES;
				CLANG_ENABLE_OBJC_WEAK = YES;
				CLANG_WARN_BLOCK_CAPTURE_AUTORELEASING = YES;
				CLANG_WARN_BOOL_CONVERSION = YES;
				CLANG_WARN_COMMA = YES;
				CLANG_WARN_CONSTANT_CONVERSION = YES;
				CLANG_WARN_DEPRECATED_OBJC_IMPLEMENTATIONS = YES;
				CLANG_WARN_DIRECT_OBJC_ISA_USAGE = YES_ERROR;
				CLANG_WARN_DOCUMENTATION_COMMENTS = YES;
				CLANG_WARN_EMPTY_BODY = YES;
				CLANG_WARN_ENUM_CONVERSION = YES;
				CLANG_WARN_INFINITE_RECURSION = YES;
				CLANG_WARN_INT_CONVERSION = YES;
				CLANG_WARN_NON_LITERAL_NULL_CONVERSION = YES;
				CLANG_WARN_OBJC_IMPLICIT_RETAIN_SELF = YES;
				CLANG_WARN_OBJC_LITERAL_CONVERSION = YES;
				CLANG_WARN_OBJC_ROOT_CLASS = YES_ERROR;
				CLANG_WARN_QUOTED_INCLUDE_IN_FRAMEWORK_HEADER = YES;
				CLANG_WARN_RANGE_LOOP_ANALYSIS = YES;
				CLANG_WARN_STRICT_PROTOTYPES = YES;
				CLANG_WARN_SUSPICIOUS_MOVE = YES;
				CLANG_WARN_UNGUARDED_AVAILABILITY = YES_AGGRESSIVE;
				CLANG_WARN_UNREACHABLE_CODE = YES;
				CLANG_WARN__DUPLICATE_METHOD_MATCH = YES;
				COPY_PHASE_STRIP = NO;
				DEBUG_INFORMATION_FORMAT = "dwarf-with-dsym";
				ENABLE_NS_ASSERTIONS = NO;
				ENABLE_STRICT_OBJC_MSGSEND = YES;
				GCC_C_LANGUAGE_STANDARD = gnu11;
				GCC_NO_COMMON_BLOCKS = YES;
				GCC_WARN_64_TO_32_BIT_CONVERSION = YES;
				GCC_WARN_ABOUT_RETURN_TYPE = YES_ERROR;
				GCC_WARN_UNDECLARED_SELECTOR = YES;
				GCC_WARN_UNINITIALIZED_AUTOS = YES_AGGRESSIVE;
				GCC_WARN_UNUSED_FUNCTION = YES;
				GCC_WARN_UNUSED_VARIABLE = YES;
				IPHONEOS_DEPLOYMENT_TARGET = 14.4;
				MTL_ENABLE_DEBUG_INFO = NO;
				MTL_FAST_MATH = YES;
				SDKROOT = iphoneos;
				SWIFT_COMPILATION_MODE = wholemodule;
				SWIFT_OPTIMIZATION_LEVEL = "-O";
				VALIDATE_PRODUCT = YES;
			};
			name = Release;
		};
		41D9C061262F3C1500D311F7 /* Debug */ = {
			isa = XCBuildConfiguration;
			buildSettings = {
				ASSETCATALOG_COMPILER_APPICON_NAME = AppIcon;
				ASSETCATALOG_COMPILER_GLOBAL_ACCENT_COLOR_NAME = AccentColor;
				CODE_SIGN_STYLE = Automatic;
				DEVELOPMENT_TEAM = SSF95VD86Q;
				INFOPLIST_FILE = HeartMe/Info.plist;
				LD_RUNPATH_SEARCH_PATHS = (
					"$(inherited)",
					"@executable_path/Frameworks",
				);
				PRODUCT_BUNDLE_IDENTIFIER = com.devyouup.HeartMe;
				PRODUCT_NAME = "$(TARGET_NAME)";
				SWIFT_VERSION = 5.0;
				TARGETED_DEVICE_FAMILY = "1,2";
			};
			name = Debug;
		};
		41D9C062262F3C1500D311F7 /* Release */ = {
			isa = XCBuildConfiguration;
			buildSettings = {
				ASSETCATALOG_COMPILER_APPICON_NAME = AppIcon;
				ASSETCATALOG_COMPILER_GLOBAL_ACCENT_COLOR_NAME = AccentColor;
				CODE_SIGN_STYLE = Automatic;
				DEVELOPMENT_TEAM = SSF95VD86Q;
				INFOPLIST_FILE = HeartMe/Info.plist;
				LD_RUNPATH_SEARCH_PATHS = (
					"$(inherited)",
					"@executable_path/Frameworks",
				);
				PRODUCT_BUNDLE_IDENTIFIER = com.devyouup.HeartMe;
				PRODUCT_NAME = "$(TARGET_NAME)";
				SWIFT_VERSION = 5.0;
				TARGETED_DEVICE_FAMILY = "1,2";
			};
			name = Release;
		};
		41D9C064262F3C1500D311F7 /* Debug */ = {
			isa = XCBuildConfiguration;
			buildSettings = {
				ALWAYS_EMBED_SWIFT_STANDARD_LIBRARIES = YES;
				BUNDLE_LOADER = "$(TEST_HOST)";
				CODE_SIGN_STYLE = Automatic;
				DEVELOPMENT_TEAM = SSF95VD86Q;
				INFOPLIST_FILE = HeartMeTests/Info.plist;
				IPHONEOS_DEPLOYMENT_TARGET = 14.4;
				LD_RUNPATH_SEARCH_PATHS = (
					"$(inherited)",
					"@executable_path/Frameworks",
					"@loader_path/Frameworks",
				);
				PRODUCT_BUNDLE_IDENTIFIER = com.devyouup.HeartMeTests;
				PRODUCT_NAME = "$(TARGET_NAME)";
				SWIFT_VERSION = 5.0;
				TARGETED_DEVICE_FAMILY = "1,2";
				TEST_HOST = "$(BUILT_PRODUCTS_DIR)/HeartMe.app/HeartMe";
			};
			name = Debug;
		};
		41D9C065262F3C1500D311F7 /* Release */ = {
			isa = XCBuildConfiguration;
			buildSettings = {
				ALWAYS_EMBED_SWIFT_STANDARD_LIBRARIES = YES;
				BUNDLE_LOADER = "$(TEST_HOST)";
				CODE_SIGN_STYLE = Automatic;
				DEVELOPMENT_TEAM = SSF95VD86Q;
				INFOPLIST_FILE = HeartMeTests/Info.plist;
				IPHONEOS_DEPLOYMENT_TARGET = 14.4;
				LD_RUNPATH_SEARCH_PATHS = (
					"$(inherited)",
					"@executable_path/Frameworks",
					"@loader_path/Frameworks",
				);
				PRODUCT_BUNDLE_IDENTIFIER = com.devyouup.HeartMeTests;
				PRODUCT_NAME = "$(TARGET_NAME)";
				SWIFT_VERSION = 5.0;
				TARGETED_DEVICE_FAMILY = "1,2";
				TEST_HOST = "$(BUILT_PRODUCTS_DIR)/HeartMe.app/HeartMe";
			};
			name = Release;
		};
		41D9C067262F3C1500D311F7 /* Debug */ = {
			isa = XCBuildConfiguration;
			buildSettings = {
				ALWAYS_EMBED_SWIFT_STANDARD_LIBRARIES = YES;
				CODE_SIGN_STYLE = Automatic;
				DEVELOPMENT_TEAM = SSF95VD86Q;
				INFOPLIST_FILE = HeartMeUITests/Info.plist;
				LD_RUNPATH_SEARCH_PATHS = (
					"$(inherited)",
					"@executable_path/Frameworks",
					"@loader_path/Frameworks",
				);
				PRODUCT_BUNDLE_IDENTIFIER = com.devyouup.HeartMeUITests;
				PRODUCT_NAME = "$(TARGET_NAME)";
				SWIFT_VERSION = 5.0;
				TARGETED_DEVICE_FAMILY = "1,2";
				TEST_TARGET_NAME = HeartMe;
			};
			name = Debug;
		};
		41D9C068262F3C1500D311F7 /* Release */ = {
			isa = XCBuildConfiguration;
			buildSettings = {
				ALWAYS_EMBED_SWIFT_STANDARD_LIBRARIES = YES;
				CODE_SIGN_STYLE = Automatic;
				DEVELOPMENT_TEAM = SSF95VD86Q;
				INFOPLIST_FILE = HeartMeUITests/Info.plist;
				LD_RUNPATH_SEARCH_PATHS = (
					"$(inherited)",
					"@executable_path/Frameworks",
					"@loader_path/Frameworks",
				);
				PRODUCT_BUNDLE_IDENTIFIER = com.devyouup.HeartMeUITests;
				PRODUCT_NAME = "$(TARGET_NAME)";
				SWIFT_VERSION = 5.0;
				TARGETED_DEVICE_FAMILY = "1,2";
				TEST_TARGET_NAME = HeartMe;
			};
			name = Release;
		};
/* End XCBuildConfiguration section */

/* Begin XCConfigurationList section */
		41D9C031262F3C0D00D311F7 /* Build configuration list for PBXProject "HeartMe" */ = {
			isa = XCConfigurationList;
			buildConfigurations = (
				41D9C05E262F3C1500D311F7 /* Debug */,
				41D9C05F262F3C1500D311F7 /* Release */,
			);
			defaultConfigurationIsVisible = 0;
			defaultConfigurationName = Release;
		};
		41D9C060262F3C1500D311F7 /* Build configuration list for PBXNativeTarget "HeartMe" */ = {
			isa = XCConfigurationList;
			buildConfigurations = (
				41D9C061262F3C1500D311F7 /* Debug */,
				41D9C062262F3C1500D311F7 /* Release */,
			);
			defaultConfigurationIsVisible = 0;
			defaultConfigurationName = Release;
		};
		41D9C063262F3C1500D311F7 /* Build configuration list for PBXNativeTarget "HeartMeTests" */ = {
			isa = XCConfigurationList;
			buildConfigurations = (
				41D9C064262F3C1500D311F7 /* Debug */,
				41D9C065262F3C1500D311F7 /* Release */,
			);
			defaultConfigurationIsVisible = 0;
			defaultConfigurationName = Release;
		};
		41D9C066262F3C1500D311F7 /* Build configuration list for PBXNativeTarget "HeartMeUITests" */ = {
			isa = XCConfigurationList;
			buildConfigurations = (
				41D9C067262F3C1500D311F7 /* Debug */,
				41D9C068262F3C1500D311F7 /* Release */,
			);
			defaultConfigurationIsVisible = 0;
			defaultConfigurationName = Release;
		};
/* End XCConfigurationList section */
	};
	rootObject = 41D9C02E262F3C0D00D311F7 /* Project object */;
}
